Microsoft Visual Studio Solution File, Format Version 12.00
# Visual Studio Version 17
VisualStudioVersion = 17.5.2.0
MinimumVisualStudioVersion = 10.0.40219.1
Project("{FAE04EC0-301F-11D3-BF4B-00C04F79EFBC}") = "client4", "client4.csproj", "{7162EDB0-6A62-6B65-0F76-0765D334CBC4}"
EndProject
Global
	GlobalSection(SolutionConfigurationPlatforms) = preSolution
		Debug|Any CPU = Debug|Any CPU
		Release|Any CPU = Release|Any CPU
	EndGlobalSection
	GlobalSection(ProjectConfigurationPlatforms) = postSolution
		{7162EDB0-6A62-6B65-0F76-0765D334CBC4}.Debug|Any CPU.ActiveCfg = Debug|Any CPU
		{7162EDB0-6A62-6B65-0F76-0765D334CBC4}.Debug|Any CPU.Build.0 = Debug|Any CPU
		{7162EDB0-6A62-6B65-0F76-0765D334CBC4}.Release|Any CPU.ActiveCfg = Release|Any CPU
		{7162EDB0-6A62-6B65-0F76-0765D334CBC4}.Release|Any CPU.Build.0 = Release|Any CPU
	EndGlobalSection
	GlobalSection(SolutionProperties) = preSolution
		HideSolutionNode = FALSE
	EndGlobalSection
	GlobalSection(ExtensibilityGlobals) = postSolution
		SolutionGuid = {44BD8FC1-88F6-4E40-8461-2122B707D1C7}
	EndGlobalSection
EndGlobal
